PODS:
  - Alamofire (5.6.2)
  - SnapKit (5.6.0)
  - Validator (3.2.1)

DEPENDENCIES:
  - Alamofire
  - SnapKit (~> 5.6.0)
  - Validator

SPEC REPOS:
  https://github.com/CocoaPods/Specs.git:
    - Alamofire
    - SnapKit
    - Validator

SPEC CHECKSUMS:
  Alamofire: d368e1ff8a298e6dde360e35a3e68e6c610e7204
  SnapKit: e01d52ebb8ddbc333eefe2132acf85c8227d9c25
  Validator: 80a6f567220c962dfd2d9928ae98a8c1d164f6f4

PODFILE CHECKSUM: 4a15a95654b09c6036e112860d3d66fffaff1bbf

COCOAPODS: 1.11.3
