// !$*UTF8*$!
{
	archiveVersion = 1;
	classes = {
	};
	objectVersion = 55;
	objects = {

/* Begin PBXBuildFile section */
		1C95C96C69F1D93674642F6C /* Pods_gifyS.framework in Frameworks */ = {isa = PBXBuildFile; fileRef = EF5686A0A8419BD930B815E0 /* Pods_gifyS.framework */; };
		BB0E9A302922D71B008D8E07 /* GifDescPresenter.swift in Sources */ = {isa = PBXBuildFile; fileRef = BB0E9A2A2922D71B008D8E07 /* GifDescPresenter.swift */; };
		BB0E9A322922D71B008D8E07 /* GifDescRouter.swift in Sources */ = {isa = PBXBuildFile; fileRef = BB0E9A2C2922D71B008D8E07 /* GifDescRouter.swift */; };
		BB0E9A332922D71B008D8E07 /* GifDescModels.swift in Sources */ = {isa = PBXBuildFile; fileRef = BB0E9A2D2922D71B008D8E07 /* GifDescModels.swift */; };
		BB0E9A342922D71B008D8E07 /* GifDescViewController.swift in Sources */ = {isa = PBXBuildFile; fileRef = BB0E9A2E2922D71B008D8E07 /* GifDescViewController.swift */; };
		BB0E9A352922D71B008D8E07 /* GifDescInteractor.swift in Sources */ = {isa = PBXBuildFile; fileRef = BB0E9A2F2922D71B008D8E07 /* GifDescInteractor.swift */; };
		BB28321229222CE200644ED6 /* GifCollNetworkManager.swift in Sources */ = {isa = PBXBuildFile; fileRef = BB28321129222CE200644ED6 /* GifCollNetworkManager.swift */; };
		BB34408D2923CAD50059D259 /* HelperGifCollDesc.swift in Sources */ = {isa = PBXBuildFile; fileRef = BB34408C2923CAD40059D259 /* HelperGifCollDesc.swift */; };
		BB34408F2923CB520059D259 /* HelperAuthnReg.swift in Sources */ = {isa = PBXBuildFile; fileRef = BB34408E2923CB520059D259 /* HelperAuthnReg.swift */; };
		BB3440922923E94E0059D259 /* ImageCollectionViewCell.swift in Sources */ = {isa = PBXBuildFile; fileRef = BB3440912923E94E0059D259 /* ImageCollectionViewCell.swift */; };
		BB3440942923EF120059D259 /* LabelCollectionViewCell.swift in Sources */ = {isa = PBXBuildFile; fileRef = BB3440932923EF120059D259 /* LabelCollectionViewCell.swift */; };
		BB3440962923FCE70059D259 /* CollectionViewCellFactory.swift in Sources */ = {isa = PBXBuildFile; fileRef = BB3440952923FCE70059D259 /* CollectionViewCellFactory.swift */; };
		BB7A803C291AE0C9004FBD7A /* Helper.swift in Sources */ = {isa = PBXBuildFile; fileRef = BB7A803B291AE0C8004FBD7A /* Helper.swift */; };
		BB7A803E291AFB9F004FBD7A /* TableViewCellFactory.swift in Sources */ = {isa = PBXBuildFile; fileRef = BB7A803D291AFB9F004FBD7A /* TableViewCellFactory.swift */; };
		BB8A946D28FD8D2200A7A24A /* AppDelegate.swift in Sources */ = {isa = PBXBuildFile; fileRef = BB8A946C28FD8D2200A7A24A /* AppDelegate.swift */; };
		BB8A947128FD8D2200A7A24A /* ViewController.swift in Sources */ = {isa = PBXBuildFile; fileRef = BB8A947028FD8D2200A7A24A /* ViewController.swift */; };
		BB8A947628FD8D2400A7A24A /* Assets.xcassets in Resources */ = {isa = PBXBuildFile; fileRef = BB8A947528FD8D2400A7A24A /* Assets.xcassets */; };
		BB8A947928FD8D2400A7A24A /* LaunchScreen.storyboard in Resources */ = {isa = PBXBuildFile; fileRef = BB8A947728FD8D2400A7A24A /* LaunchScreen.storyboard */; };
		BBC29B7128FD953800DA06E7 /* AuthnInteractor.swift in Sources */ = {isa = PBXBuildFile; fileRef = BBC29B6B28FD953800DA06E7 /* AuthnInteractor.swift */; };
		BBC29B7228FD953800DA06E7 /* AuthnRouter.swift in Sources */ = {isa = PBXBuildFile; fileRef = BBC29B6C28FD953800DA06E7 /* AuthnRouter.swift */; };
		BBC29B7328FD953800DA06E7 /* AuthnViewController.swift in Sources */ = {isa = PBXBuildFile; fileRef = BBC29B6D28FD953800DA06E7 /* AuthnViewController.swift */; };
		BBC29B7428FD953800DA06E7 /* AuthnPresenter.swift in Sources */ = {isa = PBXBuildFile; fileRef = BBC29B6E28FD953800DA06E7 /* AuthnPresenter.swift */; };
		BBC29B7528FD953800DA06E7 /* AuthnWorker.swift in Sources */ = {isa = PBXBuildFile; fileRef = BBC29B6F28FD953800DA06E7 /* AuthnWorker.swift */; };
		BBC29B7628FD953800DA06E7 /* AuthnModels.swift in Sources */ = {isa = PBXBuildFile; fileRef = BBC29B7028FD953800DA06E7 /* AuthnModels.swift */; };
		BBC29B7E28FD956200DA06E7 /* RegRouter.swift in Sources */ = {isa = PBXBuildFile; fileRef = BBC29B7828FD956200DA06E7 /* RegRouter.swift */; };
		BBC29B7F28FD956200DA06E7 /* RegViewController.swift in Sources */ = {isa = PBXBuildFile; fileRef = BBC29B7928FD956200DA06E7 /* RegViewController.swift */; };
		BBC29B8028FD956200DA06E7 /* RegPresenter.swift in Sources */ = {isa = PBXBuildFile; fileRef = BBC29B7A28FD956200DA06E7 /* RegPresenter.swift */; };
		BBC29B8128FD956200DA06E7 /* RegWorker.swift in Sources */ = {isa = PBXBuildFile; fileRef = BBC29B7B28FD956200DA06E7 /* RegWorker.swift */; };
		BBC29B8228FD956200DA06E7 /* RegModels.swift in Sources */ = {isa = PBXBuildFile; fileRef = BBC29B7C28FD956200DA06E7 /* RegModels.swift */; };
		BBC29B8328FD956200DA06E7 /* RegInteractor.swift in Sources */ = {isa = PBXBuildFile; fileRef = BBC29B7D28FD956200DA06E7 /* RegInteractor.swift */; };
		BBC29B8B28FD958C00DA06E7 /* GifCollRouter.swift in Sources */ = {isa = PBXBuildFile; fileRef = BBC29B8528FD958B00DA06E7 /* GifCollRouter.swift */; };
		BBC29B8C28FD958C00DA06E7 /* GifCollInteractor.swift in Sources */ = {isa = PBXBuildFile; fileRef = BBC29B8628FD958C00DA06E7 /* GifCollInteractor.swift */; };
		BBC29B8D28FD958C00DA06E7 /* GifCollPresenter.swift in Sources */ = {isa = PBXBuildFile; fileRef = BBC29B8728FD958C00DA06E7 /* GifCollPresenter.swift */; };
		BBC29B8E28FD958C00DA06E7 /* GifCollWorker.swift in Sources */ = {isa = PBXBuildFile; fileRef = BBC29B8828FD958C00DA06E7 /* GifCollWorker.swift */; };
		BBC29B8F28FD958C00DA06E7 /* GifCollViewController.swift in Sources */ = {isa = PBXBuildFile; fileRef = BBC29B8928FD958C00DA06E7 /* GifCollViewController.swift */; };
		BBC29B9028FD958C00DA06E7 /* GifCollModels.swift in Sources */ = {isa = PBXBuildFile; fileRef = BBC29B8A28FD958C00DA06E7 /* GifCollModels.swift */; };
		BBC29B9428FD95DF00DA06E7 /* GifCollectionViewCell.swift in Sources */ = {isa = PBXBuildFile; fileRef = BBC29B9228FD95DF00DA06E7 /* GifCollectionViewCell.swift */; };
		BBC29B9528FD95DF00DA06E7 /* CustomCollectionViewLayout.swift in Sources */ = {isa = PBXBuildFile; fileRef = BBC29B9328FD95DF00DA06E7 /* CustomCollectionViewLayout.swift */; };
		BBC29B9C28FD962F00DA06E7 /* LabelTableViewCell.swift in Sources */ = {isa = PBXBuildFile; fileRef = BBC29B9828FD962F00DA06E7 /* LabelTableViewCell.swift */; };
		BBC29B9D28FD962F00DA06E7 /* ImageTableViewCell.swift in Sources */ = {isa = PBXBuildFile; fileRef = BBC29B9928FD962F00DA06E7 /* ImageTableViewCell.swift */; };
		BBC29B9E28FD962F00DA06E7 /* TextFieldTableViewCell.swift in Sources */ = {isa = PBXBuildFile; fileRef = BBC29B9A28FD962F00DA06E7 /* TextFieldTableViewCell.swift */; };
		BBC29B9F28FD962F00DA06E7 /* ButtonTableViewCell.swift in Sources */ = {isa = PBXBuildFile; fileRef = BBC29B9B28FD962F00DA06E7 /* ButtonTableViewCell.swift */; };
		BBC29BA128FD966600DA06E7 /* ValidationRules.swift in Sources */ = {isa = PBXBuildFile; fileRef = BBC29BA028FD966600DA06E7 /* ValidationRules.swift */; };
/* End PBXBuildFile section */

/* Begin PBXFileReference section */
		1C330BA74C7EA292B7B9A95E /* Pods-gifyS.debug.xcconfig */ = {isa = PBXFileReference; includeInIndex = 1; lastKnownFileType = text.xcconfig; name = "Pods-gifyS.debug.xcconfig"; path = "Target Support Files/Pods-gifyS/Pods-gifyS.debug.xcconfig"; sourceTree = "<group>"; };
		1F6B95207EC915BDF1D2C134 /* Pods-gifyS.release.xcconfig */ = {isa = PBXFileReference; includeInIndex = 1; lastKnownFileType = text.xcconfig; name = "Pods-gifyS.release.xcconfig"; path = "Target Support Files/Pods-gifyS/Pods-gifyS.release.xcconfig"; sourceTree = "<group>"; };
		BB0E9A2A2922D71B008D8E07 /* GifDescPresenter.swift */ = {isa = PBXFileReference; lastKnownFileType = sourcecode.swift; path = GifDescPresenter.swift; sourceTree = "<group>"; };
		BB0E9A2C2922D71B008D8E07 /* GifDescRouter.swift */ = {isa = PBXFileReference; lastKnownFileType = sourcecode.swift; path = GifDescRouter.swift; sourceTree = "<group>"; };
		BB0E9A2D2922D71B008D8E07 /* GifDescModels.swift */ = {isa = PBXFileReference; lastKnownFileType = sourcecode.swift; path = GifDescModels.swift; sourceTree = "<group>"; };
		BB0E9A2E2922D71B008D8E07 /* GifDescViewController.swift */ = {isa = PBXFileReference; lastKnownFileType = sourcecode.swift; path = GifDescViewController.swift; sourceTree = "<group>"; };
		BB0E9A2F2922D71B008D8E07 /* GifDescInteractor.swift */ = {isa = PBXFileReference; lastKnownFileType = sourcecode.swift; path = GifDescInteractor.swift; sourceTree = "<group>"; };
		BB28321129222CE200644ED6 /* GifCollNetworkManager.swift */ = {isa = PBXFileReference; lastKnownFileType = sourcecode.swift; path = GifCollNetworkManager.swift; sourceTree = "<group>"; };
		BB34408C2923CAD40059D259 /* HelperGifCollDesc.swift */ = {isa = PBXFileReference; lastKnownFileType = sourcecode.swift; path = HelperGifCollDesc.swift; sourceTree = "<group>"; };
		BB34408E2923CB520059D259 /* HelperAuthnReg.swift */ = {isa = PBXFileReference; lastKnownFileType = sourcecode.swift; path = HelperAuthnReg.swift; sourceTree = "<group>"; };
		BB3440912923E94E0059D259 /* ImageCollectionViewCell.swift */ = {isa = PBXFileReference; lastKnownFileType = sourcecode.swift; path = ImageCollectionViewCell.swift; sourceTree = "<group>"; };
		BB3440932923EF120059D259 /* LabelCollectionViewCell.swift */ = {isa = PBXFileReference; lastKnownFileType = sourcecode.swift; path = LabelCollectionViewCell.swift; sourceTree = "<group>"; };
		BB3440952923FCE70059D259 /* CollectionViewCellFactory.swift */ = {isa = PBXFileReference; lastKnownFileType = sourcecode.swift; path = CollectionViewCellFactory.swift; sourceTree = "<group>"; };
		BB7A803B291AE0C8004FBD7A /* Helper.swift */ = {isa = PBXFileReference; lastKnownFileType = sourcecode.swift; path = Helper.swift; sourceTree = "<group>"; };
		BB7A803D291AFB9F004FBD7A /* TableViewCellFactory.swift */ = {isa = PBXFileReference; lastKnownFileType = sourcecode.swift; path = TableViewCellFactory.swift; sourceTree = "<group>"; };
		BB8A946928FD8D2200A7A24A /* gifyS.app */ = {isa = PBXFileReference; explicitFileType = wrapper.application; includeInIndex = 0; path = gifyS.app; sourceTree = BUILT_PRODUCTS_DIR; };
		BB8A946C28FD8D2200A7A24A /* AppDelegate.swift */ = {isa = PBXFileReference; lastKnownFileType = sourcecode.swift; path = AppDelegate.swift; sourceTree = "<group>"; };
		BB8A947028FD8D2200A7A24A /* ViewController.swift */ = {isa = PBXFileReference; lastKnownFileType = sourcecode.swift; path = ViewController.swift; sourceTree = "<group>"; };
		BB8A947528FD8D2400A7A24A /* Assets.xcassets */ = {isa = PBXFileReference; lastKnownFileType = folder.assetcatalog; path = Assets.xcassets; sourceTree = "<group>"; };
		BB8A947828FD8D2400A7A24A /* Base */ = {isa = PBXFileReference; lastKnownFileType = file.storyboard; name = Base; path = Base.lproj/LaunchScreen.storyboard; sourceTree = "<group>"; };
		BB8A947A28FD8D2400A7A24A /* Info.plist */ = {isa = PBXFileReference; lastKnownFileType = text.plist.xml; path = Info.plist; sourceTree = "<group>"; };
		BBC29B6B28FD953800DA06E7 /* AuthnInteractor.swift */ = {isa = PBXFileReference; fileEncoding = 4; lastKnownFileType = sourcecode.swift; path = AuthnInteractor.swift; sourceTree = "<group>"; };
		BBC29B6C28FD953800DA06E7 /* AuthnRouter.swift */ = {isa = PBXFileReference; fileEncoding = 4; lastKnownFileType = sourcecode.swift; path = AuthnRouter.swift; sourceTree = "<group>"; };
		BBC29B6D28FD953800DA06E7 /* AuthnViewController.swift */ = {isa = PBXFileReference; fileEncoding = 4; lastKnownFileType = sourcecode.swift; path = AuthnViewController.swift; sourceTree = "<group>"; };
		BBC29B6E28FD953800DA06E7 /* AuthnPresenter.swift */ = {isa = PBXFileReference; fileEncoding = 4; lastKnownFileType = sourcecode.swift; path = AuthnPresenter.swift; sourceTree = "<group>"; };
		BBC29B6F28FD953800DA06E7 /* AuthnWorker.swift */ = {isa = PBXFileReference; fileEncoding = 4; lastKnownFileType = sourcecode.swift; path = AuthnWorker.swift; sourceTree = "<group>"; };
		BBC29B7028FD953800DA06E7 /* AuthnModels.swift */ = {isa = PBXFileReference; fileEncoding = 4; lastKnownFileType = sourcecode.swift; path = AuthnModels.swift; sourceTree = "<group>"; };
		BBC29B7828FD956200DA06E7 /* RegRouter.swift */ = {isa = PBXFileReference; fileEncoding = 4; lastKnownFileType = sourcecode.swift; path = RegRouter.swift; sourceTree = "<group>"; };
		BBC29B7928FD956200DA06E7 /* RegViewController.swift */ = {isa = PBXFileReference; fileEncoding = 4; lastKnownFileType = sourcecode.swift; path = RegViewController.swift; sourceTree = "<group>"; };
		BBC29B7A28FD956200DA06E7 /* RegPresenter.swift */ = {isa = PBXFileReference; fileEncoding = 4; lastKnownFileType = sourcecode.swift; path = RegPresenter.swift; sourceTree = "<group>"; };
		BBC29B7B28FD956200DA06E7 /* RegWorker.swift */ = {isa = PBXFileReference; fileEncoding = 4; lastKnownFileType = sourcecode.swift; path = RegWorker.swift; sourceTree = "<group>"; };
		BBC29B7C28FD956200DA06E7 /* RegModels.swift */ = {isa = PBXFileReference; fileEncoding = 4; lastKnownFileType = sourcecode.swift; path = RegModels.swift; sourceTree = "<group>"; };
		BBC29B7D28FD956200DA06E7 /* RegInteractor.swift */ = {isa = PBXFileReference; fileEncoding = 4; lastKnownFileType = sourcecode.swift; path = RegInteractor.swift; sourceTree = "<group>"; };
		BBC29B8528FD958B00DA06E7 /* GifCollRouter.swift */ = {isa = PBXFileReference; fileEncoding = 4; lastKnownFileType = sourcecode.swift; path = GifCollRouter.swift; sourceTree = "<group>"; };
		BBC29B8628FD958C00DA06E7 /* GifCollInteractor.swift */ = {isa = PBXFileReference; fileEncoding = 4; lastKnownFileType = sourcecode.swift; path = GifCollInteractor.swift; sourceTree = "<group>"; };
		BBC29B8728FD958C00DA06E7 /* GifCollPresenter.swift */ = {isa = PBXFileReference; fileEncoding = 4; lastKnownFileType = sourcecode.swift; path = GifCollPresenter.swift; sourceTree = "<group>"; };
		BBC29B8828FD958C00DA06E7 /* GifCollWorker.swift */ = {isa = PBXFileReference; fileEncoding = 4; lastKnownFileType = sourcecode.swift; path = GifCollWorker.swift; sourceTree = "<group>"; };
		BBC29B8928FD958C00DA06E7 /* GifCollViewController.swift */ = {isa = PBXFileReference; fileEncoding = 4; lastKnownFileType = sourcecode.swift; path = GifCollViewController.swift; sourceTree = "<group>"; };
		BBC29B8A28FD958C00DA06E7 /* GifCollModels.swift */ = {isa = PBXFileReference; fileEncoding = 4; lastKnownFileType = sourcecode.swift; path = GifCollModels.swift; sourceTree = "<group>"; };
		BBC29B9228FD95DF00DA06E7 /* GifCollectionViewCell.swift */ = {isa = PBXFileReference; fileEncoding = 4; lastKnownFileType = sourcecode.swift; path = GifCollectionViewCell.swift; sourceTree = "<group>"; };
		BBC29B9328FD95DF00DA06E7 /* CustomCollectionViewLayout.swift */ = {isa = PBXFileReference; fileEncoding = 4; lastKnownFileType = sourcecode.swift; path = CustomCollectionViewLayout.swift; sourceTree = "<group>"; };
		BBC29B9828FD962F00DA06E7 /* LabelTableViewCell.swift */ = {isa = PBXFileReference; fileEncoding = 4; lastKnownFileType = sourcecode.swift; path = LabelTableViewCell.swift; sourceTree = "<group>"; };
		BBC29B9928FD962F00DA06E7 /* ImageTableViewCell.swift */ = {isa = PBXFileReference; fileEncoding = 4; lastKnownFileType = sourcecode.swift; path = ImageTableViewCell.swift; sourceTree = "<group>"; };
		BBC29B9A28FD962F00DA06E7 /* TextFieldTableViewCell.swift */ = {isa = PBXFileReference; fileEncoding = 4; lastKnownFileType = sourcecode.swift; path = TextFieldTableViewCell.swift; sourceTree = "<group>"; };
		BBC29B9B28FD962F00DA06E7 /* ButtonTableViewCell.swift */ = {isa = PBXFileReference; fileEncoding = 4; lastKnownFileType = sourcecode.swift; path = ButtonTableViewCell.swift; sourceTree = "<group>"; };
		BBC29BA028FD966600DA06E7 /* ValidationRules.swift */ = {isa = PBXFileReference; fileEncoding = 4; lastKnownFileType = sourcecode.swift; path = ValidationRules.swift; sourceTree = "<group>"; };
		EF5686A0A8419BD930B815E0 /* Pods_gifyS.framework */ = {isa = PBXFileReference; explicitFileType = wrapper.framework; includeInIndex = 0; path = Pods_gifyS.framework; sourceTree = BUILT_PRODUCTS_DIR; };
/* End PBXFileReference section */

/* Begin PBXFrameworksBuildPhase section */
		BB8A946628FD8D2200A7A24A /* Frameworks */ = {
			isa = PBXFrameworksBuildPhase;
			buildActionMask = 2147483647;
			files = (
				1C95C96C69F1D93674642F6C /* Pods_gifyS.framework in Frameworks */,
			);
			runOnlyForDeploymentPostprocessing = 0;
		};
/* End PBXFrameworksBuildPhase section */

/* Begin PBXGroup section */
		18A0CE3CE9FA19C73DA984BF /* Pods */ = {
			isa = PBXGroup;
			children = (
				1C330BA74C7EA292B7B9A95E /* Pods-gifyS.debug.xcconfig */,
				1F6B95207EC915BDF1D2C134 /* Pods-gifyS.release.xcconfig */,
			);
			path = Pods;
			sourceTree = "<group>";
		};
		8771CE1404D2ABC48EF86F75 /* Frameworks */ = {
			isa = PBXGroup;
			children = (
				EF5686A0A8419BD930B815E0 /* Pods_gifyS.framework */,
			);
			name = Frameworks;
			sourceTree = "<group>";
		};
		BB0E9A362922DE94008D8E07 /* GifDesc */ = {
			isa = PBXGroup;
			children = (
				BB0E9A2D2922D71B008D8E07 /* GifDescModels.swift */,
				BB0E9A2C2922D71B008D8E07 /* GifDescRouter.swift */,
				BB0E9A2E2922D71B008D8E07 /* GifDescViewController.swift */,
				BB0E9A2A2922D71B008D8E07 /* GifDescPresenter.swift */,
				BB0E9A2F2922D71B008D8E07 /* GifDescInteractor.swift */,
			);
			path = GifDesc;
			sourceTree = "<group>";
		};
		BB3440902923D4120059D259 /* Helpers */ = {
			isa = PBXGroup;
			children = (
				BB34408E2923CB520059D259 /* HelperAuthnReg.swift */,
				BB7A803B291AE0C8004FBD7A /* Helper.swift */,
				BB34408C2923CAD40059D259 /* HelperGifCollDesc.swift */,
				BBC29BA028FD966600DA06E7 /* ValidationRules.swift */,
			);
			path = Helpers;
			sourceTree = "<group>";
		};
		BB8A946028FD8D2200A7A24A = {
			isa = PBXGroup;
			children = (
				BB8A946B28FD8D2200A7A24A /* gifyS */,
				BB8A946A28FD8D2200A7A24A /* Products */,
				18A0CE3CE9FA19C73DA984BF /* Pods */,
				8771CE1404D2ABC48EF86F75 /* Frameworks */,
			);
			sourceTree = "<group>";
		};
		BB8A946A28FD8D2200A7A24A /* Products */ = {
			isa = PBXGroup;
			children = (
				BB8A946928FD8D2200A7A24A /* gifyS.app */,
			);
			name = Products;
			sourceTree = "<group>";
		};
		BB8A946B28FD8D2200A7A24A /* gifyS */ = {
			isa = PBXGroup;
			children = (
				BB3440902923D4120059D259 /* Helpers */,
				BBC29B9728FD960800DA06E7 /* CustomTableViewCells */,
				BBC29B9128FD95AE00DA06E7 /* CustomCollectionViewStuff */,
				BBC29B6328FD947500DA06E7 /* Scenes */,
				BB8A946C28FD8D2200A7A24A /* AppDelegate.swift */,
				BB8A947028FD8D2200A7A24A /* ViewController.swift */,
				BB8A947528FD8D2400A7A24A /* Assets.xcassets */,
				BB8A947728FD8D2400A7A24A /* LaunchScreen.storyboard */,
				BB8A947A28FD8D2400A7A24A /* Info.plist */,
			);
			path = gifyS;
			sourceTree = "<group>";
		};
		BBC29B6328FD947500DA06E7 /* Scenes */ = {
			isa = PBXGroup;
			children = (
				BB0E9A362922DE94008D8E07 /* GifDesc */,
				BBC29B8428FD956D00DA06E7 /* GifColl */,
				BBC29B7728FD954600DA06E7 /* Reg */,
				BBC29B6A28FD951600DA06E7 /* Authn */,
			);
			path = Scenes;
			sourceTree = "<group>";
		};
		BBC29B6A28FD951600DA06E7 /* Authn */ = {
			isa = PBXGroup;
			children = (
				BBC29B6B28FD953800DA06E7 /* AuthnInteractor.swift */,
				BBC29B7028FD953800DA06E7 /* AuthnModels.swift */,
				BBC29B6E28FD953800DA06E7 /* AuthnPresenter.swift */,
				BBC29B6C28FD953800DA06E7 /* AuthnRouter.swift */,
				BBC29B6D28FD953800DA06E7 /* AuthnViewController.swift */,
				BBC29B6F28FD953800DA06E7 /* AuthnWorker.swift */,
			);
			path = Authn;
			sourceTree = "<group>";
		};
		BBC29B7728FD954600DA06E7 /* Reg */ = {
			isa = PBXGroup;
			children = (
				BBC29B7D28FD956200DA06E7 /* RegInteractor.swift */,
				BBC29B7C28FD956200DA06E7 /* RegModels.swift */,
				BBC29B7A28FD956200DA06E7 /* RegPresenter.swift */,
				BBC29B7828FD956200DA06E7 /* RegRouter.swift */,
				BBC29B7928FD956200DA06E7 /* RegViewController.swift */,
				BBC29B7B28FD956200DA06E7 /* RegWorker.swift */,
			);
			path = Reg;
			sourceTree = "<group>";
		};
		BBC29B8428FD956D00DA06E7 /* GifColl */ = {
			isa = PBXGroup;
			children = (
				BBC29B8628FD958C00DA06E7 /* GifCollInteractor.swift */,
				BBC29B8728FD958C00DA06E7 /* GifCollPresenter.swift */,
				BBC29B8528FD958B00DA06E7 /* GifCollRouter.swift */,
				BBC29B8928FD958C00DA06E7 /* GifCollViewController.swift */,
				BBC29B8A28FD958C00DA06E7 /* GifCollModels.swift */,
				BBC29B8828FD958C00DA06E7 /* GifCollWorker.swift */,
			);
			path = GifColl;
			sourceTree = "<group>";
		};
		BBC29B9128FD95AE00DA06E7 /* CustomCollectionViewStuff */ = {
			isa = PBXGroup;
			children = (
				BBC29B9328FD95DF00DA06E7 /* CustomCollectionViewLayout.swift */,
				BBC29B9228FD95DF00DA06E7 /* GifCollectionViewCell.swift */,
				BB28321129222CE200644ED6 /* GifCollNetworkManager.swift */,
				BB3440912923E94E0059D259 /* ImageCollectionViewCell.swift */,
				BB3440932923EF120059D259 /* LabelCollectionViewCell.swift */,
				BB3440952923FCE70059D259 /* CollectionViewCellFactory.swift */,
			);
			path = CustomCollectionViewStuff;
			sourceTree = "<group>";
		};
		BBC29B9728FD960800DA06E7 /* CustomTableViewCells */ = {
			isa = PBXGroup;
			children = (
				BBC29B9B28FD962F00DA06E7 /* ButtonTableViewCell.swift */,
				BBC29B9928FD962F00DA06E7 /* ImageTableViewCell.swift */,
				BBC29B9828FD962F00DA06E7 /* LabelTableViewCell.swift */,
				BBC29B9A28FD962F00DA06E7 /* TextFieldTableViewCell.swift */,
				BB7A803D291AFB9F004FBD7A /* TableViewCellFactory.swift */,
			);
			path = CustomTableViewCells;
			sourceTree = "<group>";
		};
/* End PBXGroup section */

/* Begin PBXNativeTarget section */
		BB8A946828FD8D2200A7A24A /* gifyS */ = {
			isa = PBXNativeTarget;
			buildConfigurationList = BB8A947D28FD8D2400A7A24A /* Build configuration list for PBXNativeTarget "gifyS" */;
			buildPhases = (
				DDD46A873E889389DD1ED2A7 /* [CP] Check Pods Manifest.lock */,
				BB8A946528FD8D2200A7A24A /* Sources */,
				BB8A946628FD8D2200A7A24A /* Frameworks */,
				BB8A946728FD8D2200A7A24A /* Resources */,
				B2EC11D97CEB567864220A3A /* [CP] Embed Pods Frameworks */,
			);
			buildRules = (
			);
			dependencies = (
			);
			name = gifyS;
			productName = gifyS;
			productReference = BB8A946928FD8D2200A7A24A /* gifyS.app */;
			productType = "com.apple.product-type.application";
		};
/* End PBXNativeTarget section */

/* Begin PBXProject section */
		BB8A946128FD8D2200A7A24A /* Project object */ = {
			isa = PBXProject;
			attributes = {
				BuildIndependentTargetsInParallel = 1;
				LastSwiftUpdateCheck = 1340;
				LastUpgradeCheck = 1340;
				TargetAttributes = {
					BB8A946828FD8D2200A7A24A = {
						CreatedOnToolsVersion = 13.4.1;
					};
				};
			};
			buildConfigurationList = BB8A946428FD8D2200A7A24A /* Build configuration list for PBXProject "gifyS" */;
			compatibilityVersion = "Xcode 13.0";
			developmentRegion = en;
			hasScannedForEncodings = 0;
			knownRegions = (
				en,
				Base,
			);
			mainGroup = BB8A946028FD8D2200A7A24A;
			productRefGroup = BB8A946A28FD8D2200A7A24A /* Products */;
			projectDirPath = "";
			projectRoot = "";
			targets = (
				BB8A946828FD8D2200A7A24A /* gifyS */,
			);
		};
/* End PBXProject section */

/* Begin PBXResourcesBuildPhase section */
		BB8A946728FD8D2200A7A24A /* Resources */ = {
			isa = PBXResourcesBuildPhase;
			buildActionMask = 2147483647;
			files = (
				BB8A947928FD8D2400A7A24A /* LaunchScreen.storyboard in Resources */,
				BB8A947628FD8D2400A7A24A /* Assets.xcassets in Resources */,
			);
			runOnlyForDeploymentPostprocessing = 0;
		};
/* End PBXResourcesBuildPhase section */

/* Begin PBXShellScriptBuildPhase section */
		B2EC11D97CEB567864220A3A /* [CP] Embed Pods Frameworks */ = {
			isa = PBXShellScriptBuildPhase;
			buildActionMask = 2147483647;
			files = (
			);
			inputFileListPaths = (
				"${PODS_ROOT}/Target Support Files/Pods-gifyS/Pods-gifyS-frameworks-${CONFIGURATION}-input-files.xcfilelist",
			);
			name = "[CP] Embed Pods Frameworks";
			outputFileListPaths = (
				"${PODS_ROOT}/Target Support Files/Pods-gifyS/Pods-gifyS-frameworks-${CONFIGURATION}-output-files.xcfilelist",
			);
			runOnlyForDeploymentPostprocessing = 0;
			shellPath = /bin/sh;
			shellScript = "\"${PODS_ROOT}/Target Support Files/Pods-gifyS/Pods-gifyS-frameworks.sh\"\n";
			showEnvVarsInLog = 0;
		};
		DDD46A873E889389DD1ED2A7 /* [CP] Check Pods Manifest.lock */ = {
			isa = PBXShellScriptBuildPhase;
			buildActionMask = 2147483647;
			files = (
			);
			inputFileListPaths = (
			);
			inputPaths = (
				"${PODS_PODFILE_DIR_PATH}/Podfile.lock",
				"${PODS_ROOT}/Manifest.lock",
			);
			name = "[CP] Check Pods Manifest.lock";
			outputFileListPaths = (
			);
			outputPaths = (
				"$(DERIVED_FILE_DIR)/Pods-gifyS-checkManifestLockResult.txt",
			);
			runOnlyForDeploymentPostprocessing = 0;
			shellPath = /bin/sh;
			shellScript = "diff \"${PODS_PODFILE_DIR_PATH}/Podfile.lock\" \"${PODS_ROOT}/Manifest.lock\" > /dev/null\nif [ $? != 0 ] ; then\n    # print error to STDERR\n    echo \"error: The sandbox is not in sync with the Podfile.lock. Run 'pod install' or update your CocoaPods installation.\" >&2\n    exit 1\nfi\n# This output is used by Xcode 'outputs' to avoid re-running this script phase.\necho \"SUCCESS\" > \"${SCRIPT_OUTPUT_FILE_0}\"\n";
			showEnvVarsInLog = 0;
		};
/* End PBXShellScriptBuildPhase section */

/* Begin PBXSourcesBuildPhase section */
		BB8A946528FD8D2200A7A24A /* Sources */ = {
			isa = PBXSourcesBuildPhase;
			buildActionMask = 2147483647;
			files = (
				BBC29B7628FD953800DA06E7 /* AuthnModels.swift in Sources */,
				BBC29B8B28FD958C00DA06E7 /* GifCollRouter.swift in Sources */,
				BB0E9A352922D71B008D8E07 /* GifDescInteractor.swift in Sources */,
				BB34408F2923CB520059D259 /* HelperAuthnReg.swift in Sources */,
				BBC29B8028FD956200DA06E7 /* RegPresenter.swift in Sources */,
				BBC29B7128FD953800DA06E7 /* AuthnInteractor.swift in Sources */,
				BBC29B9E28FD962F00DA06E7 /* TextFieldTableViewCell.swift in Sources */,
				BBC29B7228FD953800DA06E7 /* AuthnRouter.swift in Sources */,
				BB34408D2923CAD50059D259 /* HelperGifCollDesc.swift in Sources */,
				BB0E9A302922D71B008D8E07 /* GifDescPresenter.swift in Sources */,
				BBC29BA128FD966600DA06E7 /* ValidationRules.swift in Sources */,
				BBC29B7328FD953800DA06E7 /* AuthnViewController.swift in Sources */,
				BBC29B9428FD95DF00DA06E7 /* GifCollectionViewCell.swift in Sources */,
				BBC29B8D28FD958C00DA06E7 /* GifCollPresenter.swift in Sources */,
				BB3440922923E94E0059D259 /* ImageCollectionViewCell.swift in Sources */,
				BB7A803E291AFB9F004FBD7A /* TableViewCellFactory.swift in Sources */,
				BBC29B7428FD953800DA06E7 /* AuthnPresenter.swift in Sources */,
				BBC29B9D28FD962F00DA06E7 /* ImageTableViewCell.swift in Sources */,
				BBC29B8128FD956200DA06E7 /* RegWorker.swift in Sources */,
				BBC29B8328FD956200DA06E7 /* RegInteractor.swift in Sources */,
				BB8A947128FD8D2200A7A24A /* ViewController.swift in Sources */,
				BB7A803C291AE0C9004FBD7A /* Helper.swift in Sources */,
				BBC29B8F28FD958C00DA06E7 /* GifCollViewController.swift in Sources */,
				BBC29B9F28FD962F00DA06E7 /* ButtonTableViewCell.swift in Sources */,
				BB0E9A342922D71B008D8E07 /* GifDescViewController.swift in Sources */,
				BBC29B9C28FD962F00DA06E7 /* LabelTableViewCell.swift in Sources */,
				BBC29B7E28FD956200DA06E7 /* RegRouter.swift in Sources */,
				BBC29B7F28FD956200DA06E7 /* RegViewController.swift in Sources */,
				BBC29B9028FD958C00DA06E7 /* GifCollModels.swift in Sources */,
				BB8A946D28FD8D2200A7A24A /* AppDelegate.swift in Sources */,
				BB3440942923EF120059D259 /* LabelCollectionViewCell.swift in Sources */,
				BBC29B8C28FD958C00DA06E7 /* GifCollInteractor.swift in Sources */,
				BBC29B8228FD956200DA06E7 /* RegModels.swift in Sources */,
				BBC29B8E28FD958C00DA06E7 /* GifCollWorker.swift in Sources */,
				BB3440962923FCE70059D259 /* CollectionViewCellFactory.swift in Sources */,
				BB0E9A322922D71B008D8E07 /* GifDescRouter.swift in Sources */,
				BBC29B9528FD95DF00DA06E7 /* CustomCollectionViewLayout.swift in Sources */,
				BB0E9A332922D71B008D8E07 /* GifDescModels.swift in Sources */,
				BBC29B7528FD953800DA06E7 /* AuthnWorker.swift in Sources */,
				BB28321229222CE200644ED6 /* GifCollNetworkManager.swift in Sources */,
			);
			runOnlyForDeploymentPostprocessing = 0;
		};
/* End PBXSourcesBuildPhase section */

/* Begin PBXVariantGroup section */
		BB8A947728FD8D2400A7A24A /* LaunchScreen.storyboard */ = {
			isa = PBXVariantGroup;
			children = (
				BB8A947828FD8D2400A7A24A /* Base */,
			);
			name = LaunchScreen.storyboard;
			sourceTree = "<group>";
		};
/* End PBXVariantGroup section */

/* Begin XCBuildConfiguration section */
		BB8A947B28FD8D2400A7A24A /* Debug */ = {
			isa = XCBuildConfiguration;
			buildSettings = {
				ALWAYS_SEARCH_USER_PATHS = NO;
				CLANG_ANALYZER_NONNULL = YES;
				CLANG_ANALYZER_NUMBER_OBJECT_CONVERSION = YES_AGGRESSIVE;
				CLANG_CXX_LANGUAGE_STANDARD = "gnu++17";
				CLANG_ENABLE_MODULES = YES;
				CLANG_ENABLE_OBJC_ARC = YES;
				CLANG_ENABLE_OBJC_WEAK = YES;
				CLANG_WARN_BLOCK_CAPTURE_AUTORELEASING = YES;
				CLANG_WARN_BOOL_CONVERSION = YES;
				CLANG_WARN_COMMA = YES;
				CLANG_WARN_CONSTANT_CONVERSION = YES;
				CLANG_WARN_DEPRECATED_OBJC_IMPLEMENTATIONS = YES;
				CLANG_WARN_DIRECT_OBJC_ISA_USAGE = YES_ERROR;
				CLANG_WARN_DOCUMENTATION_COMMENTS = YES;
				CLANG_WARN_EMPTY_BODY = YES;
				CLANG_WARN_ENUM_CONVERSION = YES;
				CLANG_WARN_INFINITE_RECURSION = YES;
				CLANG_WARN_INT_CONVERSION = YES;
				CLANG_WARN_NON_LITERAL_NULL_CONVERSION = YES;
				CLANG_WARN_OBJC_IMPLICIT_RETAIN_SELF = YES;
				CLANG_WARN_OBJC_LITERAL_CONVERSION = YES;
				CLANG_WARN_OBJC_ROOT_CLASS = YES_ERROR;
				CLANG_WARN_QUOTED_INCLUDE_IN_FRAMEWORK_HEADER = YES;
				CLANG_WARN_RANGE_LOOP_ANALYSIS = YES;
				CLANG_WARN_STRICT_PROTOTYPES = YES;
				CLANG_WARN_SUSPICIOUS_MOVE = YES;
				CLANG_WARN_UNGUARDED_AVAILABILITY = YES_AGGRESSIVE;
				CLANG_WARN_UNREACHABLE_CODE = YES;
				CLANG_WARN__DUPLICATE_METHOD_MATCH = YES;
				COPY_PHASE_STRIP = NO;
				DEBUG_INFORMATION_FORMAT = dwarf;
				ENABLE_STRICT_OBJC_MSGSEND = YES;
				ENABLE_TESTABILITY = YES;
				GCC_C_LANGUAGE_STANDARD = gnu11;
				GCC_DYNAMIC_NO_PIC = NO;
				GCC_NO_COMMON_BLOCKS = YES;
				GCC_OPTIMIZATION_LEVEL = 0;
				GCC_PREPROCESSOR_DEFINITIONS = (
					"DEBUG=1",
					"$(inherited)",
				);
				GCC_WARN_64_TO_32_BIT_CONVERSION = YES;
				GCC_WARN_ABOUT_RETURN_TYPE = YES_ERROR;
				GCC_WARN_UNDECLARED_SELECTOR = YES;
				GCC_WARN_UNINITIALIZED_AUTOS = YES_AGGRESSIVE;
				GCC_WARN_UNUSED_FUNCTION = YES;
				GCC_WARN_UNUSED_VARIABLE = YES;
				IPHONEOS_DEPLOYMENT_TARGET = 15.5;
				MTL_ENABLE_DEBUG_INFO = INCLUDE_SOURCE;
				MTL_FAST_MATH = YES;
				ONLY_ACTIVE_ARCH = YES;
				SDKROOT = iphoneos;
				SWIFT_ACTIVE_COMPILATION_CONDITIONS = DEBUG;
				SWIFT_OPTIMIZATION_LEVEL = "-Onone";
			};
			name = Debug;
		};
		BB8A947C28FD8D2400A7A24A /* Release */ = {
			isa = XCBuildConfiguration;
			buildSettings = {
				ALWAYS_SEARCH_USER_PATHS = NO;
				CLANG_ANALYZER_NONNULL = YES;
				CLANG_ANALYZER_NUMBER_OBJECT_CONVERSION = YES_AGGRESSIVE;
				CLANG_CXX_LANGUAGE_STANDARD = "gnu++17";
				CLANG_ENABLE_MODULES = YES;
				CLANG_ENABLE_OBJC_ARC = YES;
				CLANG_ENABLE_OBJC_WEAK = YES;
				CLANG_WARN_BLOCK_CAPTURE_AUTORELEASING = YES;
				CLANG_WARN_BOOL_CONVERSION = YES;
				CLANG_WARN_COMMA = YES;
				CLANG_WARN_CONSTANT_CONVERSION = YES;
				CLANG_WARN_DEPRECATED_OBJC_IMPLEMENTATIONS = YES;
				CLANG_WARN_DIRECT_OBJC_ISA_USAGE = YES_ERROR;
				CLANG_WARN_DOCUMENTATION_COMMENTS = YES;
				CLANG_WARN_EMPTY_BODY = YES;
				CLANG_WARN_ENUM_CONVERSION = YES;
				CLANG_WARN_INFINITE_RECURSION = YES;
				CLANG_WARN_INT_CONVERSION = YES;
				CLANG_WARN_NON_LITERAL_NULL_CONVERSION = YES;
				CLANG_WARN_OBJC_IMPLICIT_RETAIN_SELF = YES;
				CLANG_WARN_OBJC_LITERAL_CONVERSION = YES;
				CLANG_WARN_OBJC_ROOT_CLASS = YES_ERROR;
				CLANG_WARN_QUOTED_INCLUDE_IN_FRAMEWORK_HEADER = YES;
				CLANG_WARN_RANGE_LOOP_ANALYSIS = YES;
				CLANG_WARN_STRICT_PROTOTYPES = YES;
				CLANG_WARN_SUSPICIOUS_MOVE = YES;
				CLANG_WARN_UNGUARDED_AVAILABILITY = YES_AGGRESSIVE;
				CLANG_WARN_UNREACHABLE_CODE = YES;
				CLANG_WARN__DUPLICATE_METHOD_MATCH = YES;
				COPY_PHASE_STRIP = NO;
				DEBUG_INFORMATION_FORMAT = "dwarf-with-dsym";
				ENABLE_NS_ASSERTIONS = NO;
				ENABLE_STRICT_OBJC_MSGSEND = YES;
				GCC_C_LANGUAGE_STANDARD = gnu11;
				GCC_NO_COMMON_BLOCKS = YES;
				GCC_WARN_64_TO_32_BIT_CONVERSION = YES;
				GCC_WARN_ABOUT_RETURN_TYPE = YES_ERROR;
				GCC_WARN_UNDECLARED_SELECTOR = YES;
				GCC_WARN_UNINITIALIZED_AUTOS = YES_AGGRESSIVE;
				GCC_WARN_UNUSED_FUNCTION = YES;
				GCC_WARN_UNUSED_VARIABLE = YES;
				IPHONEOS_DEPLOYMENT_TARGET = 15.5;
				MTL_ENABLE_DEBUG_INFO = NO;
				MTL_FAST_MATH = YES;
				SDKROOT = iphoneos;
				SWIFT_COMPILATION_MODE = wholemodule;
				SWIFT_OPTIMIZATION_LEVEL = "-O";
				VALIDATE_PRODUCT = YES;
			};
			name = Release;
		};
		BB8A947E28FD8D2400A7A24A /* Debug */ = {
			isa = XCBuildConfiguration;
			baseConfigurationReference = 1C330BA74C7EA292B7B9A95E /* Pods-gifyS.debug.xcconfig */;
			buildSettings = {
				ASSETCATALOG_COMPILER_APPICON_NAME = AppIcon;
				ASSETCATALOG_COMPILER_GLOBAL_ACCENT_COLOR_NAME = AccentColor;
				CODE_SIGN_STYLE = Automatic;
				CURRENT_PROJECT_VERSION = 1;
				GENERATE_INFOPLIST_FILE = YES;
				INFOPLIST_FILE = gifyS/Info.plist;
				INFOPLIST_KEY_UIApplicationSupportsIndirectInputEvents = YES;
				INFOPLIST_KEY_UILaunchStoryboardName = LaunchScreen;
				INFOPLIST_KEY_UIRequiredDeviceCapabilities = armv7;
				INFOPLIST_KEY_UISupportedInterfaceOrientations = UIInterfaceOrientationPortrait;
				INFOPLIST_KEY_UISupportedInterfaceOrientations_iPad = "UIInterfaceOrientationPortrait UIInterfaceOrientationPortraitUpsideDown UIInterfaceOrientationLandscapeLeft UIInterfaceOrientationLandscapeRight";
				INFOPLIST_KEY_UISupportedInterfaceOrientations_iPhone = "UIInterfaceOrientationPortrait UIInterfaceOrientationLandscapeLeft UIInterfaceOrientationLandscapeRight";
				LD_RUNPATH_SEARCH_PATHS = (
					"$(inherited)",
					"@executable_path/Frameworks",
				);
				MARKETING_VERSION = 1.0;
				PRODUCT_BUNDLE_IDENTIFIER = saint2999.gifyS;
				PRODUCT_NAME = "$(TARGET_NAME)";
				SWIFT_EMIT_LOC_STRINGS = YES;
				SWIFT_VERSION = 5.0;
				TARGETED_DEVICE_FAMILY = 1;
			};
			name = Debug;
		};
		BB8A947F28FD8D2400A7A24A /* Release */ = {
			isa = XCBuildConfiguration;
			baseConfigurationReference = 1F6B95207EC915BDF1D2C134 /* Pods-gifyS.release.xcconfig */;
			buildSettings = {
				ASSETCATALOG_COMPILER_APPICON_NAME = AppIcon;
				ASSETCATALOG_COMPILER_GLOBAL_ACCENT_COLOR_NAME = AccentColor;
				CODE_SIGN_STYLE = Automatic;
				CURRENT_PROJECT_VERSION = 1;
				GENERATE_INFOPLIST_FILE = YES;
				INFOPLIST_FILE = gifyS/Info.plist;
				INFOPLIST_KEY_UIApplicationSupportsIndirectInputEvents = YES;
				INFOPLIST_KEY_UILaunchStoryboardName = LaunchScreen;
				INFOPLIST_KEY_UIRequiredDeviceCapabilities = armv7;
				INFOPLIST_KEY_UISupportedInterfaceOrientations = UIInterfaceOrientationPortrait;
				INFOPLIST_KEY_UISupportedInterfaceOrientations_iPad = "UIInterfaceOrientationPortrait UIInterfaceOrientationPortraitUpsideDown UIInterfaceOrientationLandscapeLeft UIInterfaceOrientationLandscapeRight";
				INFOPLIST_KEY_UISupportedInterfaceOrientations_iPhone = "UIInterfaceOrientationPortrait UIInterfaceOrientationLandscapeLeft UIInterfaceOrientationLandscapeRight";
				LD_RUNPATH_SEARCH_PATHS = (
					"$(inherited)",
					"@executable_path/Frameworks",
				);
				MARKETING_VERSION = 1.0;
				PRODUCT_BUNDLE_IDENTIFIER = saint2999.gifyS;
				PRODUCT_NAME = "$(TARGET_NAME)";
				SWIFT_EMIT_LOC_STRINGS = YES;
				SWIFT_VERSION = 5.0;
				TARGETED_DEVICE_FAMILY = 1;
			};
			name = Release;
		};
/* End XCBuildConfiguration section */

/* Begin XCConfigurationList section */
		BB8A946428FD8D2200A7A24A /* Build configuration list for PBXProject "gifyS" */ = {
			isa = XCConfigurationList;
			buildConfigurations = (
				BB8A947B28FD8D2400A7A24A /* Debug */,
				BB8A947C28FD8D2400A7A24A /* Release */,
			);
			defaultConfigurationIsVisible = 0;
			defaultConfigurationName = Release;
		};
		BB8A947D28FD8D2400A7A24A /* Build configuration list for PBXNativeTarget "gifyS" */ = {
			isa = XCConfigurationList;
			buildConfigurations = (
				BB8A947E28FD8D2400A7A24A /* Debug */,
				BB8A947F28FD8D2400A7A24A /* Release */,
			);
			defaultConfigurationIsVisible = 0;
			defaultConfigurationName = Release;
		};
/* End XCConfigurationList section */
	};
	rootObject = BB8A946128FD8D2200A7A24A /* Project object */;
}
